// !$*UTF8*$!
{
	archiveVersion = 1;
	classes = {
	};
	objectVersion = 46;
	objects = {

/* Begin PBXBuildFile section */
		767EC77619C769C900FD1412 /* AppDelegate.swift in Sources */ = {isa = PBXBuildFile; fileRef = 767EC77519C769C900FD1412 /* AppDelegate.swift */; };
		767EC77919C769C900FD1412 /* DrawingApp.xcdatamodeld in Sources */ = {isa = PBXBuildFile; fileRef = 767EC77719C769C900FD1412 /* DrawingApp.xcdatamodeld */; };
		767EC77B19C769C900FD1412 /* ViewController.swift in Sources */ = {isa = PBXBuildFile; fileRef = 767EC77A19C769C900FD1412 /* ViewController.swift */; };
		767EC77E19C769C900FD1412 /* Main.storyboard in Resources */ = {isa = PBXBuildFile; fileRef = 767EC77C19C769C900FD1412 /* Main.storyboard */; };
		767EC78019C769C900FD1412 /* Images.xcassets in Resources */ = {isa = PBXBuildFile; fileRef = 767EC77F19C769C900FD1412 /* Images.xcassets */; };
		767EC78319C769C900FD1412 /* LaunchScreen.xib in Resources */ = {isa = PBXBuildFile; fileRef = 767EC78119C769C900FD1412 /* LaunchScreen.xib */; };
		767EC78F19C769C900FD1412 /* DrawingAppTests.swift in Sources */ = {isa = PBXBuildFile; fileRef = 767EC78E19C769C900FD1412 /* DrawingAppTests.swift */; };
		767EC79A19C76C8800FD1412 /* Scan.jpeg in Resources */ = {isa = PBXBuildFile; fileRef = 767EC79819C76C8800FD1412 /* Scan.jpeg */; };
		767EC79B19C76C8800FD1412 /* Scan 3.jpeg in Resources */ = {isa = PBXBuildFile; fileRef = 767EC79919C76C8800FD1412 /* Scan 3.jpeg */; };
/* End PBXBuildFile section */

/* Begin PBXContainerItemProxy section */
		767EC78919C769C900FD1412 /* PBXContainerItemProxy */ = {
			isa = PBXContainerItemProxy;
			containerPortal = 767EC76819C769C900FD1412 /* Project object */;
			proxyType = 1;
			remoteGlobalIDString = 767EC76F19C769C900FD1412;
			remoteInfo = DrawingApp;
		};
/* End PBXContainerItemProxy section */

/* Begin PBXFileReference section */
		767EC77019C769C900FD1412 /* DrawingApp.app */ = {isa = PBXFileReference; explicitFileType = wrapper.application; includeInIndex = 0; path = DrawingApp.app; sourceTree = BUILT_PRODUCTS_DIR; };
		767EC77419C769C900FD1412 /* Info.plist */ = {isa = PBXFileReference; lastKnownFileType = text.plist.xml; path = Info.plist; sourceTree = "<group>"; };
		767EC77519C769C900FD1412 /* AppDelegate.swift */ = {isa = PBXFileReference; lastKnownFileType = sourcecode.swift; path = AppDelegate.swift; sourceTree = "<group>"; };
		767EC77819C769C900FD1412 /* DrawingApp.xcdatamodel */ = {isa = PBXFileReference; lastKnownFileType = wrapper.xcdatamodel; path = DrawingApp.xcdatamodel; sourceTree = "<group>"; };
		767EC77A19C769C900FD1412 /* ViewController.swift */ = {isa = PBXFileReference; lastKnownFileType = sourcecode.swift; path = ViewController.swift; sourceTree = "<group>"; };
		767EC77D19C769C900FD1412 /* Base */ = {isa = PBXFileReference; lastKnownFileType = file.storyboard; name = Base; path = Base.lproj/Main.storyboard; sourceTree = "<group>"; };
		767EC77F19C769C900FD1412 /* Images.xcassets */ = {isa = PBXFileReference; lastKnownFileType = folder.assetcatalog; path = Images.xcassets; sourceTree = "<group>"; };
		767EC78219C769C900FD1412 /* Base */ = {isa = PBXFileReference; lastKnownFileType = file.xib; name = Base; path = Base.lproj/LaunchScreen.xib; sourceTree = "<group>"; };
		767EC78819C769C900FD1412 /* DrawingAppTests.xctest */ = {isa = PBXFileReference; explicitFileType = wrapper.cfbundle; includeInIndex = 0; path = DrawingAppTests.xctest; sourceTree = BUILT_PRODUCTS_DIR; };
		767EC78D19C769C900FD1412 /* Info.plist */ = {isa = PBXFileReference; lastKnownFileType = text.plist.xml; path = Info.plist; sourceTree = "<group>"; };
		767EC78E19C769C900FD1412 /* DrawingAppTests.swift */ = {isa = PBXFileReference; lastKnownFileType = sourcecode.swift; path = DrawingAppTests.swift; sourceTree = "<group>"; };
		767EC79819C76C8800FD1412 /* Scan.jpeg */ = {isa = PBXFileReference; lastKnownFileType = image.jpeg; path = Scan.jpeg; sourceTree = "<group>"; };
		767EC79919C76C8800FD1412 /* Scan 3.jpeg */ = {isa = PBXFileReference; lastKnownFileType = image.jpeg; path = "Scan 3.jpeg"; sourceTree = "<group>"; };
/* End PBXFileReference section */

/* Begin PBXFrameworksBuildPhase section */
		767EC76D19C769C900FD1412 /* Frameworks */ = {
			isa = PBXFrameworksBuildPhase;
			buildActionMask = 2147483647;
			files = (
			);
			runOnlyForDeploymentPostprocessing = 0;
		};
		767EC78519C769C900FD1412 /* Frameworks */ = {
			isa = PBXFrameworksBuildPhase;
			buildActionMask = 2147483647;
			files = (
			);
			runOnlyForDeploymentPostprocessing = 0;
		};
/* End PBXFrameworksBuildPhase section */

/* Begin PBXGroup section */
		767EC76719C769C900FD1412 = {
			isa = PBXGroup;
			children = (
				767EC77219C769C900FD1412 /* DrawingApp */,
				767EC78B19C769C900FD1412 /* DrawingAppTests */,
				767EC77119C769C900FD1412 /* Products */,
			);
			sourceTree = "<group>";
		};
		767EC77119C769C900FD1412 /* Products */ = {
			isa = PBXGroup;
			children = (
				767EC77019C769C900FD1412 /* DrawingApp.app */,
				767EC78819C769C900FD1412 /* DrawingAppTests.xctest */,
			);
			name = Products;
			sourceTree = "<group>";
		};
		767EC77219C769C900FD1412 /* DrawingApp */ = {
			isa = PBXGroup;
			children = (
				767EC77519C769C900FD1412 /* AppDelegate.swift */,
				767EC77A19C769C900FD1412 /* ViewController.swift */,
				767EC77C19C769C900FD1412 /* Main.storyboard */,
				767EC77F19C769C900FD1412 /* Images.xcassets */,
				767EC78119C769C900FD1412 /* LaunchScreen.xib */,
				767EC77719C769C900FD1412 /* DrawingApp.xcdatamodeld */,
				767EC77319C769C900FD1412 /* Supporting Files */,
			);
			path = DrawingApp;
			sourceTree = "<group>";
		};
		767EC77319C769C900FD1412 /* Supporting Files */ = {
			isa = PBXGroup;
			children = (
				767EC79819C76C8800FD1412 /* Scan.jpeg */,
				767EC79919C76C8800FD1412 /* Scan 3.jpeg */,
				767EC77419C769C900FD1412 /* Info.plist */,
			);
			name = "Supporting Files";
			sourceTree = "<group>";
		};
		767EC78B19C769C900FD1412 /* DrawingAppTests */ = {
			isa = PBXGroup;
			children = (
				767EC78E19C769C900FD1412 /* DrawingAppTests.swift */,
				767EC78C19C769C900FD1412 /* Supporting Files */,
			);
			path = DrawingAppTests;
			sourceTree = "<group>";
		};
		767EC78C19C769C900FD1412 /* Supporting Files */ = {
			isa = PBXGroup;
			children = (
				767EC78D19C769C900FD1412 /* Info.plist */,
			);
			name = "Supporting Files";
			sourceTree = "<group>";
		};
/* End PBXGroup section */

/* Begin PBXNativeTarget section */
		767EC76F19C769C900FD1412 /* DrawingApp */ = {
			isa = PBXNativeTarget;
			buildConfigurationList = 767EC79219C769C900FD1412 /* Build configuration list for PBXNativeTarget "DrawingApp" */;
			buildPhases = (
				767EC76C19C769C900FD1412 /* Sources */,
				767EC76D19C769C900FD1412 /* Frameworks */,
				767EC76E19C769C900FD1412 /* Resources */,
			);
			buildRules = (
			);
			dependencies = (
			);
			name = DrawingApp;
			productName = DrawingApp;
			productReference = 767EC77019C769C900FD1412 /* DrawingApp.app */;
			productType = "com.apple.product-type.application";
		};
		767EC78719C769C900FD1412 /* DrawingAppTests */ = {
			isa = PBXNativeTarget;
			buildConfigurationList = 767EC79519C769C900FD1412 /* Build configuration list for PBXNativeTarget "DrawingAppTests" */;
			buildPhases = (
				767EC78419C769C900FD1412 /* Sources */,
				767EC78519C769C900FD1412 /* Frameworks */,
				767EC78619C769C900FD1412 /* Resources */,
			);
			buildRules = (
			);
			dependencies = (
				767EC78A19C769C900FD1412 /* PBXTargetDependency */,
			);
			name = DrawingAppTests;
			productName = DrawingAppTests;
			productReference = 767EC78819C769C900FD1412 /* DrawingAppTests.xctest */;
			productType = "com.apple.product-type.bundle.unit-test";
		};
/* End PBXNativeTarget section */

/* Begin PBXProject section */
		767EC76819C769C900FD1412 /* Project object */ = {
			isa = PBXProject;
			attributes = {
				LastUpgradeCheck = 0600;
				ORGANIZATIONNAME = "Heberth Braga";
				TargetAttributes = {
					767EC76F19C769C900FD1412 = {
						CreatedOnToolsVersion = 6.0;
					};
					767EC78719C769C900FD1412 = {
						CreatedOnToolsVersion = 6.0;
						TestTargetID = 767EC76F19C769C900FD1412;
					};
				};
			};
			buildConfigurationList = 767EC76B19C769C900FD1412 /* Build configuration list for PBXProject "DrawingApp" */;
			compatibilityVersion = "Xcode 3.2";
			developmentRegion = English;
			hasScannedForEncodings = 0;
			knownRegions = (
				en,
				Base,
			);
			mainGroup = 767EC76719C769C900FD1412;
			productRefGroup = 767EC77119C769C900FD1412 /* Products */;
			projectDirPath = "";
			projectRoot = "";
			targets = (
				767EC76F19C769C900FD1412 /* DrawingApp */,
				767EC78719C769C900FD1412 /* DrawingAppTests */,
			);
		};
/* End PBXProject section */

/* Begin PBXResourcesBuildPhase section */
		767EC76E19C769C900FD1412 /* Resources */ = {
			isa = PBXResourcesBuildPhase;
			buildActionMask = 2147483647;
			files = (
				767EC77E19C769C900FD1412 /* Main.storyboard in Resources */,
				767EC79B19C76C8800FD1412 /* Scan 3.jpeg in Resources */,
				767EC78319C769C900FD1412 /* LaunchScreen.xib in Resources */,
				767EC79A19C76C8800FD1412 /* Scan.jpeg in Resources */,
				767EC78019C769C900FD1412 /* Images.xcassets in Resources */,
			);
			runOnlyForDeploymentPostprocessing = 0;
		};
		767EC78619C769C900FD1412 /* Resources */ = {
			isa = PBXResourcesBuildPhase;
			buildActionMask = 2147483647;
			files = (
			);
			runOnlyForDeploymentPostprocessing = 0;
		};
/* End PBXResourcesBuildPhase section */

/* Begin PBXSourcesBuildPhase section */
		767EC76C19C769C900FD1412 /* Sources */ = {
			isa = PBXSourcesBuildPhase;
			buildActionMask = 2147483647;
			files = (
				767EC77B19C769C900FD1412 /* ViewController.swift in Sources */,
				767EC77919C769C900FD1412 /* DrawingApp.xcdatamodeld in Sources */,
				767EC77619C769C900FD1412 /* AppDelegate.swift in Sources */,
			);
			runOnlyForDeploymentPostprocessing = 0;
		};
		767EC78419C769C900FD1412 /* Sources */ = {
			isa = PBXSourcesBuildPhase;
			buildActionMask = 2147483647;
			files = (
				767EC78F19C769C900FD1412 /* DrawingAppTests.swift in Sources */,
			);
			runOnlyForDeploymentPostprocessing = 0;
		};
/* End PBXSourcesBuildPhase section */

/* Begin PBXTargetDependency section */
		767EC78A19C769C900FD1412 /* PBXTargetDependency */ = {
			isa = PBXTargetDependency;
			target = 767EC76F19C769C900FD1412 /* DrawingApp */;
			targetProxy = 767EC78919C769C900FD1412 /* PBXContainerItemProxy */;
		};
/* End PBXTargetDependency section */

/* Begin PBXVariantGroup section */
		767EC77C19C769C900FD1412 /* Main.storyboard */ = {
			isa = PBXVariantGroup;
			children = (
				767EC77D19C769C900FD1412 /* Base */,
			);
			name = Main.storyboard;
			sourceTree = "<group>";
		};
		767EC78119C769C900FD1412 /* LaunchScreen.xib */ = {
			isa = PBXVariantGroup;
			children = (
				767EC78219C769C900FD1412 /* Base */,
			);
			name = LaunchScreen.xib;
			sourceTree = "<group>";
		};
/* End PBXVariantGroup section */

/* Begin XCBuildConfiguration section */
		767EC79019C769C900FD1412 /* Debug */ = {
			isa = XCBuildConfiguration;
			buildSettings = {
				ALWAYS_SEARCH_USER_PATHS = NO;
				CLANG_CXX_LANGUAGE_STANDARD = "gnu++0x";
				CLANG_CXX_LIBRARY = "libc++";
				CLANG_ENABLE_MODULES = YES;
				CLANG_ENABLE_OBJC_ARC = YES;
				CLANG_WARN_BOOL_CONVERSION = YES;
				CLANG_WARN_CONSTANT_CONVERSION = YES;
				CLANG_WARN_DIRECT_OBJC_ISA_USAGE = YES_ERROR;
				CLANG_WARN_EMPTY_BODY = YES;
				CLANG_WARN_ENUM_CONVERSION = YES;
				CLANG_WARN_INT_CONVERSION = YES;
				CLANG_WARN_OBJC_ROOT_CLASS = YES_ERROR;
				CLANG_WARN_UNREACHABLE_CODE = YES;
				CLANG_WARN__DUPLICATE_METHOD_MATCH = YES;
				"CODE_SIGN_IDENTITY[sdk=iphoneos*]" = "iPhone Developer";
				COPY_PHASE_STRIP = NO;
				ENABLE_STRICT_OBJC_MSGSEND = YES;
				GCC_C_LANGUAGE_STANDARD = gnu99;
				GCC_DYNAMIC_NO_PIC = NO;
				GCC_OPTIMIZATION_LEVEL = 0;
				GCC_PREPROCESSOR_DEFINITIONS = (
					"DEBUG=1",
					"$(inherited)",
				);
				GCC_SYMBOLS_PRIVATE_EXTERN = NO;
				GCC_WARN_64_TO_32_BIT_CONVERSION = YES;
				GCC_WARN_ABOUT_RETURN_TYPE = YES_ERROR;
				GCC_WARN_UNDECLARED_SELECTOR = YES;
				GCC_WARN_UNINITIALIZED_AUTOS = YES_AGGRESSIVE;
				GCC_WARN_UNUSED_FUNCTION = YES;
				GCC_WARN_UNUSED_VARIABLE = YES;
				IPHONEOS_DEPLOYMENT_TARGET = 8.0;
				MTL_ENABLE_DEBUG_INFO = YES;
				ONLY_ACTIVE_ARCH = YES;
				SDKROOT = iphoneos;
				SWIFT_OPTIMIZATION_LEVEL = "-Onone";
			};
			name = Debug;
		};
		767EC79119C769C900FD1412 /* Release */ = {
			isa = XCBuildConfiguration;
			buildSettings = {
				ALWAYS_SEARCH_USER_PATHS = NO;
				CLANG_CXX_LANGUAGE_STANDARD = "gnu++0x";
				CLANG_CXX_LIBRARY = "libc++";
				CLANG_ENABLE_MODULES = YES;
				CLANG_ENABLE_OBJC_ARC = YES;
				CLANG_WARN_BOOL_CONVERSION = YES;
				CLANG_WARN_CONSTANT_CONVERSION = YES;
				CLANG_WARN_DIRECT_OBJC_ISA_USAGE = YES_ERROR;
				CLANG_WARN_EMPTY_BODY = YES;
				CLANG_WARN_ENUM_CONVERSION = YES;
				CLANG_WARN_INT_CONVERSION = YES;
				CLANG_WARN_OBJC_ROOT_CLASS = YES_ERROR;
				CLANG_WARN_UNREACHABLE_CODE = YES;
				CLANG_WARN__DUPLICATE_METHOD_MATCH = YES;
				"CODE_SIGN_IDENTITY[sdk=iphoneos*]" = "iPhone Developer";
				COPY_PHASE_STRIP = YES;
				ENABLE_NS_ASSERTIONS = NO;
				ENABLE_STRICT_OBJC_MSGSEND = YES;
				GCC_C_LANGUAGE_STANDARD = gnu99;
				GCC_WARN_64_TO_32_BIT_CONVERSION = YES;
				GCC_WARN_ABOUT_RETURN_TYPE = YES_ERROR;
				GCC_WARN_UNDECLARED_SELECTOR = YES;
				GCC_WARN_UNINITIALIZED_AUTOS = YES_AGGRESSIVE;
				GCC_WARN_UNUSED_FUNCTION = YES;
				GCC_WARN_UNUSED_VARIABLE = YES;
				IPHONEOS_DEPLOYMENT_TARGET = 8.0;
				MTL_ENABLE_DEBUG_INFO = NO;
				SDKROOT = iphoneos;
				VALIDATE_PRODUCT = YES;
			};
			name = Release;
		};
		767EC79319C769C900FD1412 /* Debug */ = {
			isa = XCBuildConfiguration;
			buildSettings = {
				ASSETCATALOG_COMPILER_APPICON_NAME = AppIcon;
				INFOPLIST_FILE = DrawingApp/Info.plist;
				LD_RUNPATH_SEARCH_PATHS = "$(inherited) @executable_path/Frameworks";
				PRODUCT_NAME = "$(TARGET_NAME)";
			};
			name = Debug;
		};
		767EC79419C769C900FD1412 /* Release */ = {
			isa = XCBuildConfiguration;
			buildSettings = {
				ASSETCATALOG_COMPILER_APPICON_NAME = AppIcon;
				INFOPLIST_FILE = DrawingApp/Info.plist;
				LD_RUNPATH_SEARCH_PATHS = "$(inherited) @executable_path/Frameworks";
				PRODUCT_NAME = "$(TARGET_NAME)";
			};
			name = Release;
		};
		767EC79619C769C900FD1412 /* Debug */ = {
			isa = XCBuildConfiguration;
			buildSettings = {
				BUNDLE_LOADER = "$(TEST_HOST)";
				FRAMEWORK_SEARCH_PATHS = (
					"$(SDKROOT)/Developer/Library/Frameworks",
					"$(inherited)",
				);
				GCC_PREPROCESSOR_DEFINITIONS = (
					"DEBUG=1",
					"$(inherited)",
				);
				INFOPLIST_FILE = DrawingAppTests/Info.plist;
				LD_RUNPATH_SEARCH_PATHS = "$(inherited) @executable_path/Frameworks @loader_path/Frameworks";
				PRODUCT_NAME = "$(TARGET_NAME)";
				TEST_HOST = "$(BUILT_PRODUCTS_DIR)/DrawingApp.app/DrawingApp";
			};
			name = Debug;
		};
		767EC79719C769C900FD1412 /* Release */ = {
			isa = XCBuildConfiguration;
			buildSettings = {
				BUNDLE_LOADER = "$(TEST_HOST)";
				FRAMEWORK_SEARCH_PATHS = (
					"$(SDKROOT)/Developer/Library/Frameworks",
					"$(inherited)",
				);
				INFOPLIST_FILE = DrawingAppTests/Info.plist;
				LD_RUNPATH_SEARCH_PATHS = "$(inherited) @executable_path/Frameworks @loader_path/Frameworks";
				PRODUCT_NAME = "$(TARGET_NAME)";
				TEST_HOST = "$(BUILT_PRODUCTS_DIR)/DrawingApp.app/DrawingApp";
			};
			name = Release;
		};
/* End XCBuildConfiguration section */

/* Begin XCConfigurationList section */
		767EC76B19C769C900FD1412 /* Build configuration list for PBXProject "DrawingApp" */ = {
			isa = XCConfigurationList;
			buildConfigurations = (
				767EC79019C769C900FD1412 /* Debug */,
				767EC79119C769C900FD1412 /* Release */,
			);
			defaultConfigurationIsVisible = 0;
			defaultConfigurationName = Release;
		};
		767EC79219C769C900FD1412 /* Build configuration list for PBXNativeTarget "DrawingApp" */ = {
			isa = XCConfigurationList;
			buildConfigurations = (
				767EC79319C769C900FD1412 /* Debug */,
				767EC79419C769C900FD1412 /* Release */,
			);
			defaultConfigurationIsVisible = 0;
		};
		767EC79519C769C900FD1412 /* Build configuration list for PBXNativeTarget "DrawingAppTests" */ = {
			isa = XCConfigurationList;
			buildConfigurations = (
				767EC79619C769C900FD1412 /* Debug */,
				767EC79719C769C900FD1412 /* Release */,
			);
			defaultConfigurationIsVisible = 0;
		};
/* End XCConfigurationList section */

/* Begin XCVersionGroup section */
		767EC77719C769C900FD1412 /* DrawingApp.xcdatamodeld */ = {
			isa = XCVersionGroup;
			children = (
				767EC77819C769C900FD1412 /* DrawingApp.xcdatamodel */,
			);
			currentVersion = 767EC77819C769C900FD1412 /* DrawingApp.xcdatamodel */;
			path = DrawingApp.xcdatamodeld;
			sourceTree = "<group>";
			versionGroupType = wrapper.xcdatamodel;
		};
/* End XCVersionGroup section */
	};
	rootObject = 767EC76819C769C900FD1412 /* Project object */;
}
